
Microsoft Visual Studio Solution File, Format Version 11.00
# Visual Studio 2010
Project("{FAE04EC0-301F-11D3-BF4B-00C04F79EFBC}") = "myTest", "myTest\myTest.csproj", "{9DED0C30-EE43-4199-B7DC-667E5FEF8763}"
EndProject
Global
	GlobalSection(SolutionConfigurationPlatforms) = preSolution
		Debug|Any CPU = Debug|Any CPU
		Release|Any CPU = Release|Any CPU
	EndGlobalSection
	GlobalSection(ProjectConfigurationPlatforms) = postSolution
		{9DED0C30-EE43-4199-B7DC-667E5FEF8763}.Debug|Any CPU.ActiveCfg = Debug|Any CPU
		{9DED0C30-EE43-4199-B7DC-667E5FEF8763}.Debug|Any CPU.Build.0 = Debug|Any CPU
		{9DED0C30-EE43-4199-B7DC-667E5FEF8763}.Release|Any CPU.ActiveCfg = Release|Any CPU
		{9DED0C30-EE43-4199-B7DC-667E5FEF8763}.Release|Any CPU.Build.0 = Release|Any CPU
	EndGlobalSection
	GlobalSection(SolutionProperties) = preSolution
		HideSolutionNode = FALSE
	EndGlobalSection
EndGlobal
